
Microsoft Visual Studio Solution File, Format Version 12.00
# Visual Studio 15
VisualStudioVersion = 15.0.28010.2016
MinimumVisualStudioVersion = 10.0.40219.1
Project("{FAE04EC0-301F-11D3-BF4B-00C04F79EFBC}") = "Windows FFMPEG Solution", "Windows FFMPEG Solution.csproj", "{2AF44478-B233-4118-B100-0B414FE9C6A4}"
EndProject
Global
	GlobalSection(SolutionConfigurationPlatforms) = preSolution
		Debug|Any CPU = Debug|Any CPU
		Release|Any CPU = Release|Any CPU
	EndGlobalSection
	GlobalSection(ProjectConfigurationPlatforms) = postSolution
		{2AF44478-B233-4118-B100-0B414FE9C6A4}.Debug|Any CPU.ActiveCfg = Debug|Any CPU
		{2AF44478-B233-4118-B100-0B414FE9C6A4}.Debug|Any CPU.Build.0 = Debug|Any CPU
		{2AF44478-B233-4118-B100-0B414FE9C6A4}.Release|Any CPU.ActiveCfg = Release|Any CPU
		{2AF44478-B233-4118-B100-0B414FE9C6A4}.Release|Any CPU.Build.0 = Release|Any CPU
	EndGlobalSection
	GlobalSection(SolutionProperties) = preSolution
		HideSolutionNode = FALSE
	EndGlobalSection
	GlobalSection(ExtensibilityGlobals) = postSolution
		SolutionGuid = {63706C11-F930-4613-B5CA-0230C4D3A416}
	EndGlobalSection
EndGlobal
